
Microsoft Visual Studio Solution File, Format Version 12.00
# Visual Studio Version 17
VisualStudioVersion = 17.2.32630.192
MinimumVisualStudioVersion = 10.0.40219.1
Project("{FAE04EC0-301F-11D3-BF4B-00C04F79EFBC}") = "CalendarTaskApi", "CalendarTaskApi\CalendarTaskApi.csproj", "{18985E47-6DBB-4519-8285-69763017DAC5}"
EndProject
Global
	GlobalSection(SolutionConfigurationPlatforms) = preSolution
		Debug|Any CPU = Debug|Any CPU
		Release|Any CPU = Release|Any CPU
	EndGlobalSection
	GlobalSection(ProjectConfigurationPlatforms) = postSolution
		{18985E47-6DBB-4519-8285-69763017DAC5}.Debug|Any CPU.ActiveCfg = Debug|Any CPU
		{18985E47-6DBB-4519-8285-69763017DAC5}.Debug|Any CPU.Build.0 = Debug|Any CPU
		{18985E47-6DBB-4519-8285-69763017DAC5}.Release|Any CPU.ActiveCfg = Release|Any CPU
		{18985E47-6DBB-4519-8285-69763017DAC5}.Release|Any CPU.Build.0 = Release|Any CPU
	EndGlobalSection
	GlobalSection(SolutionProperties) = preSolution
		HideSolutionNode = FALSE
	EndGlobalSection
	GlobalSection(ExtensibilityGlobals) = postSolution
		SolutionGuid = {C240B8EF-32AE-4780-87AF-6F200ED6B199}
	EndGlobalSection
EndGlobal
